
Microsoft Visual Studio Solution File, Format Version 12.00
# Visual Studio 15
VisualStudioVersion = 15.0.27428.2027
MinimumVisualStudioVersion = 10.0.40219.1
Project("{FAE04EC0-301F-11D3-BF4B-00C04F79EFBC}") = "Exercise02_A", "Exercise02_A\Exercise02_A.csproj", "{1B78CFD2-D55B-4ACE-84EF-63AA548EFDAB}"
EndProject
Project("{FAE04EC0-301F-11D3-BF4B-00C04F79EFBC}") = "Exercise02_B", "Exercose02_B\Exercise02_B.csproj", "{463A8432-27D8-448C-A123-F796F4ADCF0C}"
EndProject
Global
	GlobalSection(SolutionConfigurationPlatforms) = preSolution
		Debug|Any CPU = Debug|Any CPU
		Release|Any CPU = Release|Any CPU
	EndGlobalSection
	GlobalSection(ProjectConfigurationPlatforms) = postSolution
		{1B78CFD2-D55B-4ACE-84EF-63AA548EFDAB}.Debug|Any CPU.ActiveCfg = Debug|Any CPU
		{1B78CFD2-D55B-4ACE-84EF-63AA548EFDAB}.Debug|Any CPU.Build.0 = Debug|Any CPU
		{1B78CFD2-D55B-4ACE-84EF-63AA548EFDAB}.Release|Any CPU.ActiveCfg = Release|Any CPU
		{1B78CFD2-D55B-4ACE-84EF-63AA548EFDAB}.Release|Any CPU.Build.0 = Release|Any CPU
		{463A8432-27D8-448C-A123-F796F4ADCF0C}.Debug|Any CPU.ActiveCfg = Debug|Any CPU
		{463A8432-27D8-448C-A123-F796F4ADCF0C}.Debug|Any CPU.Build.0 = Debug|Any CPU
		{463A8432-27D8-448C-A123-F796F4ADCF0C}.Release|Any CPU.ActiveCfg = Release|Any CPU
		{463A8432-27D8-448C-A123-F796F4ADCF0C}.Release|Any CPU.Build.0 = Release|Any CPU
	EndGlobalSection
	GlobalSection(SolutionProperties) = preSolution
		HideSolutionNode = FALSE
	EndGlobalSection
	GlobalSection(ExtensibilityGlobals) = postSolution
		SolutionGuid = {42FA0722-1A66-47E3-B6A8-2B4951CCA4EE}
	EndGlobalSection
EndGlobal
